
Microsoft Visual Studio Solution File, Format Version 12.00
# Visual Studio Version 16
VisualStudioVersion = 16.0.31515.178
MinimumVisualStudioVersion = 10.0.40219.1
Project("{FAE04EC0-301F-11D3-BF4B-00C04F79EFBC}") = "HW_Task1", "HW_Task1\HW_Task1.csproj", "{4904EA29-5FF8-43B6-972B-295AB8824C5C}"
EndProject
Global
	GlobalSection(SolutionConfigurationPlatforms) = preSolution
		Debug|Any CPU = Debug|Any CPU
		Release|Any CPU = Release|Any CPU
	EndGlobalSection
	GlobalSection(ProjectConfigurationPlatforms) = postSolution
		{4904EA29-5FF8-43B6-972B-295AB8824C5C}.Debug|Any CPU.ActiveCfg = Debug|Any CPU
		{4904EA29-5FF8-43B6-972B-295AB8824C5C}.Debug|Any CPU.Build.0 = Debug|Any CPU
		{4904EA29-5FF8-43B6-972B-295AB8824C5C}.Release|Any CPU.ActiveCfg = Release|Any CPU
		{4904EA29-5FF8-43B6-972B-295AB8824C5C}.Release|Any CPU.Build.0 = Release|Any CPU
	EndGlobalSection
	GlobalSection(SolutionProperties) = preSolution
		HideSolutionNode = FALSE
	EndGlobalSection
	GlobalSection(ExtensibilityGlobals) = postSolution
		SolutionGuid = {2E6E7310-C888-4B79-9A29-B5C1992DB888}
	EndGlobalSection
EndGlobal
